// !$*UTF8*$!
{
	archiveVersion = 1;
	classes = {
	};
	objectVersion = 46;
	objects = {

/* Begin PBXBuildFile section */
		38E7EBF11040436992E08DE7 /* libPods.a in Frameworks */ = {isa = PBXBuildFile; fileRef = 13322FA2D8934DCAA683C0A6 /* libPods.a */; };
		4CAED17717BEA3A60022B08D /* tabsel@2x.png in Resources */ = {isa = PBXBuildFile; fileRef = 4CAED17517BEA3A10022B08D /* tabsel@2x.png */; };
		4CAED17817BEA3A60022B08D /* tabunsel@2x.png in Resources */ = {isa = PBXBuildFile; fileRef = 4CAED17617BEA3A30022B08D /* tabunsel@2x.png */; };
		4CAED17B17BEA3ED0022B08D /* TMDTableVC.m in Sources */ = {isa = PBXBuildFile; fileRef = 4CAED17A17BEA3ED0022B08D /* TMDTableVC.m */; };
		4CAED17E17BEA4210022B08D /* TMDSegmentPC.m in Sources */ = {isa = PBXBuildFile; fileRef = 4CAED17D17BEA41F0022B08D /* TMDSegmentPC.m */; };
		EA95A8ED17B70C2D009BA55E /* UIKit.framework in Frameworks */ = {isa = PBXBuildFile; fileRef = EA95A8EC17B70C2D009BA55E /* UIKit.framework */; };
		EA95A8EF17B70C2D009BA55E /* Foundation.framework in Frameworks */ = {isa = PBXBuildFile; fileRef = EA95A8EE17B70C2D009BA55E /* Foundation.framework */; };
		EA95A8F117B70C2D009BA55E /* CoreGraphics.framework in Frameworks */ = {isa = PBXBuildFile; fileRef = EA95A8F017B70C2D009BA55E /* CoreGraphics.framework */; };
		EA95A8F717B70C2D009BA55E /* InfoPlist.strings in Resources */ = {isa = PBXBuildFile; fileRef = EA95A8F517B70C2D009BA55E /* InfoPlist.strings */; };
		EA95A8F917B70C2D009BA55E /* main.m in Sources */ = {isa = PBXBuildFile; fileRef = EA95A8F817B70C2D009BA55E /* main.m */; };
		EA95A8FD17B70C2D009BA55E /* TMDAppDelegate.m in Sources */ = {isa = PBXBuildFile; fileRef = EA95A8FC17B70C2D009BA55E /* TMDAppDelegate.m */; };
		EA95A8FF17B70C2D009BA55E /* Default.png in Resources */ = {isa = PBXBuildFile; fileRef = EA95A8FE17B70C2D009BA55E /* Default.png */; };
		EA95A90117B70C2D009BA55E /* Default@2x.png in Resources */ = {isa = PBXBuildFile; fileRef = EA95A90017B70C2D009BA55E /* Default@2x.png */; };
		EA95A90317B70C2D009BA55E /* Default-568h@2x.png in Resources */ = {isa = PBXBuildFile; fileRef = EA95A90217B70C2D009BA55E /* Default-568h@2x.png */; };
		EA95A90617B70C2D009BA55E /* TMDHomeVC.m in Sources */ = {isa = PBXBuildFile; fileRef = EA95A90517B70C2D009BA55E /* TMDHomeVC.m */; };
		EA95A90817B70C2D009BA55E /* first.png in Resources */ = {isa = PBXBuildFile; fileRef = EA95A90717B70C2D009BA55E /* first.png */; };
		EA95A90A17B70C2D009BA55E /* first@2x.png in Resources */ = {isa = PBXBuildFile; fileRef = EA95A90917B70C2D009BA55E /* first@2x.png */; };
		EA95A90D17B70C2D009BA55E /* TMDMallVC.m in Sources */ = {isa = PBXBuildFile; fileRef = EA95A90C17B70C2D009BA55E /* TMDMallVC.m */; };
		EA95A90F17B70C2D009BA55E /* second.png in Resources */ = {isa = PBXBuildFile; fileRef = EA95A90E17B70C2D009BA55E /* second.png */; };
		EA95A91117B70C2D009BA55E /* second@2x.png in Resources */ = {isa = PBXBuildFile; fileRef = EA95A91017B70C2D009BA55E /* second@2x.png */; };
		EA95A91417B70C2D009BA55E /* TMDHomeVC.xib in Resources */ = {isa = PBXBuildFile; fileRef = EA95A91217B70C2D009BA55E /* TMDHomeVC.xib */; };
		EA95A91717B70C2D009BA55E /* TMDMallVC.xib in Resources */ = {isa = PBXBuildFile; fileRef = EA95A91517B70C2D009BA55E /* TMDMallVC.xib */; };
		EA962B9A17B7A6C400212159 /* At-selected.png in Resources */ = {isa = PBXBuildFile; fileRef = EA962B8217B7A6C400212159 /* At-selected.png */; };
		EA962B9B17B7A6C400212159 /* At-selected@2x.png in Resources */ = {isa = PBXBuildFile; fileRef = EA962B8317B7A6C400212159 /* At-selected@2x.png */; };
		EA962B9C17B7A6C400212159 /* At-unselected.png in Resources */ = {isa = PBXBuildFile; fileRef = EA962B8417B7A6C400212159 /* At-unselected.png */; };
		EA962B9D17B7A6C400212159 /* At-unselected@2x.png in Resources */ = {isa = PBXBuildFile; fileRef = EA962B8517B7A6C400212159 /* At-unselected@2x.png */; };
		EA962B9E17B7A6C400212159 /* Brain-selected.png in Resources */ = {isa = PBXBuildFile; fileRef = EA962B8717B7A6C400212159 /* Brain-selected.png */; };
		EA962B9F17B7A6C400212159 /* Brain-selected@2x.png in Resources */ = {isa = PBXBuildFile; fileRef = EA962B8817B7A6C400212159 /* Brain-selected@2x.png */; };
		EA962BA017B7A6C400212159 /* Brain-unselected.png in Resources */ = {isa = PBXBuildFile; fileRef = EA962B8917B7A6C400212159 /* Brain-unselected.png */; };
		EA962BA117B7A6C400212159 /* Brain-unselected@2x.png in Resources */ = {isa = PBXBuildFile; fileRef = EA962B8A17B7A6C400212159 /* Brain-unselected@2x.png */; };
		EA962BA217B7A6C400212159 /* Elephant-selected.png in Resources */ = {isa = PBXBuildFile; fileRef = EA962B8C17B7A6C400212159 /* Elephant-selected.png */; };
		EA962BA317B7A6C400212159 /* Elephant-selected@2x.png in Resources */ = {isa = PBXBuildFile; fileRef = EA962B8D17B7A6C400212159 /* Elephant-selected@2x.png */; };
		EA962BA417B7A6C400212159 /* Elephant-unselected.png in Resources */ = {isa = PBXBuildFile; fileRef = EA962B8E17B7A6C400212159 /* Elephant-unselected.png */; };
		EA962BA517B7A6C400212159 /* Elephant-unselected@2x.png in Resources */ = {isa = PBXBuildFile; fileRef = EA962B8F17B7A6C400212159 /* Elephant-unselected@2x.png */; };
		EA962BA617B7A6C400212159 /* Fist-selected.png in Resources */ = {isa = PBXBuildFile; fileRef = EA962B9117B7A6C400212159 /* Fist-selected.png */; };
		EA962BA717B7A6C400212159 /* Fist-selected@2x.png in Resources */ = {isa = PBXBuildFile; fileRef = EA962B9217B7A6C400212159 /* Fist-selected@2x.png */; };
		EA962BA817B7A6C400212159 /* Fist-unselected.png in Resources */ = {isa = PBXBuildFile; fileRef = EA962B9317B7A6C400212159 /* Fist-unselected.png */; };
		EA962BA917B7A6C400212159 /* Fist-unselected@2x.png in Resources */ = {isa = PBXBuildFile; fileRef = EA962B9417B7A6C400212159 /* Fist-unselected@2x.png */; };
		EA962BAA17B7A6C400212159 /* Levitate-selected.png in Resources */ = {isa = PBXBuildFile; fileRef = EA962B9617B7A6C400212159 /* Levitate-selected.png */; };
		EA962BAB17B7A6C400212159 /* Levitate-selected@2x.png in Resources */ = {isa = PBXBuildFile; fileRef = EA962B9717B7A6C400212159 /* Levitate-selected@2x.png */; };
		EA962BAC17B7A6C400212159 /* Levitate-unselected.png in Resources */ = {isa = PBXBuildFile; fileRef = EA962B9817B7A6C400212159 /* Levitate-unselected.png */; };
		EA962BAD17B7A6C400212159 /* Levitate-unselected@2x.png in Resources */ = {isa = PBXBuildFile; fileRef = EA962B9917B7A6C400212159 /* Levitate-unselected@2x.png */; };
		EA962BB417B7C7A600212159 /* green0.png in Resources */ = {isa = PBXBuildFile; fileRef = EA962BAF17B7C7A600212159 /* green0.png */; };
		EA962BB517B7C7A600212159 /* green1.png in Resources */ = {isa = PBXBuildFile; fileRef = EA962BB017B7C7A600212159 /* green1.png */; };
		EA962BB617B7C7A600212159 /* green2.png in Resources */ = {isa = PBXBuildFile; fileRef = EA962BB117B7C7A600212159 /* green2.png */; };
		EA962BB717B7C7A600212159 /* green3.png in Resources */ = {isa = PBXBuildFile; fileRef = EA962BB217B7C7A600212159 /* green3.png */; };
		EA962BB817B7C7A600212159 /* green4.png in Resources */ = {isa = PBXBuildFile; fileRef = EA962BB317B7C7A600212159 /* green4.png */; };
		EA968B2917BA2368000D3F1D /* TMDBaseVC.m in Sources */ = {isa = PBXBuildFile; fileRef = EA968B2817BA2368000D3F1D /* TMDBaseVC.m */; };
		EA968B2C17BA257F000D3F1D /* TMDNaviController.m in Sources */ = {isa = PBXBuildFile; fileRef = EA968B2B17BA257F000D3F1D /* TMDNaviController.m */; };
		EA9770B417BB69A000C0E67E /* sample_adv1.jpg in Resources */ = {isa = PBXBuildFile; fileRef = EA9770B117BB69A000C0E67E /* sample_adv1.jpg */; };
		EA9770B517BB69A000C0E67E /* sample_adv2.jpg in Resources */ = {isa = PBXBuildFile; fileRef = EA9770B217BB69A000C0E67E /* sample_adv2.jpg */; };
		EA9770B617BB69A000C0E67E /* sample_adv3.jpg in Resources */ = {isa = PBXBuildFile; fileRef = EA9770B317BB69A000C0E67E /* sample_adv3.jpg */; };
		EA9770BA17BB6BEA00C0E67E /* GGColor.m in Sources */ = {isa = PBXBuildFile; fileRef = EA9770B917BB6BEA00C0E67E /* GGColor.m */; };
		EA9770C017BB6DC200C0E67E /* UIView+AddOn.m in Sources */ = {isa = PBXBuildFile; fileRef = EA9770BD17BB6DC200C0E67E /* UIView+AddOn.m */; };
		EA9770C117BB6DC200C0E67E /* UIView+LoadFromNib.m in Sources */ = {isa = PBXBuildFile; fileRef = EA9770BF17BB6DC200C0E67E /* UIView+LoadFromNib.m */; };
		EA9770C317BB6F1100C0E67E /* QuartzCore.framework in Frameworks */ = {isa = PBXBuildFile; fileRef = EA9770C217BB6F1100C0E67E /* QuartzCore.framework */; };
		EA9770C617BB737400C0E67E /* currentPageDot@2x.png in Resources */ = {isa = PBXBuildFile; fileRef = EA9770C417BB737400C0E67E /* currentPageDot@2x.png */; };
		EA9770C717BB737400C0E67E /* pageDot@2x.png in Resources */ = {isa = PBXBuildFile; fileRef = EA9770C517BB737400C0E67E /* pageDot@2x.png */; };
		EA9770CB17BB782400C0E67E /* GGWebVC.m in Sources */ = {isa = PBXBuildFile; fileRef = EA9770CA17BB782400C0E67E /* GGWebVC.m */; };
		EA9770CD17BB7E8F00C0E67E /* location@2x.png in Resources */ = {isa = PBXBuildFile; fileRef = EA9770CC17BB7E8F00C0E67E /* location@2x.png */; };
		EA9770CF17BB834900C0E67E /* bottomView@2x.png in Resources */ = {isa = PBXBuildFile; fileRef = EA9770CE17BB834900C0E67E /* bottomView@2x.png */; };
		EA9D141E17BCBEA8008958A5 /* TMDSearchVC.m in Sources */ = {isa = PBXBuildFile; fileRef = EA9D141C17BCBEA8008958A5 /* TMDSearchVC.m */; };
		EA9D141F17BCBEA8008958A5 /* TMDSearchVC.xib in Resources */ = {isa = PBXBuildFile; fileRef = EA9D141D17BCBEA8008958A5 /* TMDSearchVC.xib */; };
		EA9D142117BCBF75008958A5 /* mockSearch@2x.png in Resources */ = {isa = PBXBuildFile; fileRef = EA9D142017BCBF75008958A5 /* mockSearch@2x.png */; };
		EA9D142D17BCC4D6008958A5 /* tab1Black@2x.png in Resources */ = {isa = PBXBuildFile; fileRef = EA9D142317BCC4D6008958A5 /* tab1Black@2x.png */; };
		EA9D142E17BCC4D6008958A5 /* tab1Red@2x.png in Resources */ = {isa = PBXBuildFile; fileRef = EA9D142417BCC4D6008958A5 /* tab1Red@2x.png */; };
		EA9D142F17BCC4D6008958A5 /* tab2Black@2x.png in Resources */ = {isa = PBXBuildFile; fileRef = EA9D142517BCC4D6008958A5 /* tab2Black@2x.png */; };
		EA9D143017BCC4D6008958A5 /* tab2Red@2x.png in Resources */ = {isa = PBXBuildFile; fileRef = EA9D142617BCC4D6008958A5 /* tab2Red@2x.png */; };
		EA9D143117BCC4D6008958A5 /* tab3Black@2x.png in Resources */ = {isa = PBXBuildFile; fileRef = EA9D142717BCC4D6008958A5 /* tab3Black@2x.png */; };
		EA9D143217BCC4D6008958A5 /* tab3Red@2x.png in Resources */ = {isa = PBXBuildFile; fileRef = EA9D142817BCC4D6008958A5 /* tab3Red@2x.png */; };
		EA9D143317BCC4D6008958A5 /* tab4Black@2x.png in Resources */ = {isa = PBXBuildFile; fileRef = EA9D142917BCC4D6008958A5 /* tab4Black@2x.png */; };
		EA9D143417BCC4D6008958A5 /* tab4Red@2x.png in Resources */ = {isa = PBXBuildFile; fileRef = EA9D142A17BCC4D6008958A5 /* tab4Red@2x.png */; };
		EA9D143517BCC4D6008958A5 /* tab5Black@2x.png in Resources */ = {isa = PBXBuildFile; fileRef = EA9D142B17BCC4D6008958A5 /* tab5Black@2x.png */; };
		EA9D143617BCC4D6008958A5 /* tab5Red@2x.png in Resources */ = {isa = PBXBuildFile; fileRef = EA9D142C17BCC4D6008958A5 /* tab5Red@2x.png */; };
		EA9D143A17BCC65F008958A5 /* TMDCouponVC.m in Sources */ = {isa = PBXBuildFile; fileRef = EA9D143817BCC65E008958A5 /* TMDCouponVC.m */; };
		EA9D143B17BCC65F008958A5 /* TMDCouponVC.xib in Resources */ = {isa = PBXBuildFile; fileRef = EA9D143917BCC65E008958A5 /* TMDCouponVC.xib */; };
		EA9D143F17BCC720008958A5 /* TMDNewsVC.m in Sources */ = {isa = PBXBuildFile; fileRef = EA9D143D17BCC720008958A5 /* TMDNewsVC.m */; };
		EA9D144017BCC720008958A5 /* TMDNewsVC.xib in Resources */ = {isa = PBXBuildFile; fileRef = EA9D143E17BCC720008958A5 /* TMDNewsVC.xib */; };
		EA9D144417BCC7B9008958A5 /* TMDMoreVC.m in Sources */ = {isa = PBXBuildFile; fileRef = EA9D144217BCC7B9008958A5 /* TMDMoreVC.m */; };
		EA9D144517BCC7B9008958A5 /* TMDMoreVC.xib in Resources */ = {isa = PBXBuildFile; fileRef = EA9D144317BCC7B9008958A5 /* TMDMoreVC.xib */; };
		EA9D144717BCC9B8008958A5 /* mockCoupOn@2x.png in Resources */ = {isa = PBXBuildFile; fileRef = EA9D144617BCC9B8008958A5 /* mockCoupOn@2x.png */; };
/* End PBXBuildFile section */

/* Begin PBXFileReference section */
		13322FA2D8934DCAA683C0A6 /* libPods.a */ = {isa = PBXFileReference; explicitFileType = archive.ar; includeInIndex = 0; path = libPods.a; sourceTree = BUILT_PRODUCTS_DIR; };
		4CAED17517BEA3A10022B08D /* tabsel@2x.png */ = {isa = PBXFileReference; lastKnownFileType = image.png; path = "tabsel@2x.png"; sourceTree = "<group>"; };
		4CAED17617BEA3A30022B08D /* tabunsel@2x.png */ = {isa = PBXFileReference; lastKnownFileType = image.png; path = "tabunsel@2x.png"; sourceTree = "<group>"; };
		4CAED17917BEA3EC0022B08D /* TMDTableVC.h */ = {isa = PBXFileReference; fileEncoding = 4; lastKnownFileType = sourcecode.c.h; path = TMDTableVC.h; sourceTree = "<group>"; };
		4CAED17A17BEA3ED0022B08D /* TMDTableVC.m */ = {isa = PBXFileReference; fileEncoding = 4; lastKnownFileType = sourcecode.c.objc; path = TMDTableVC.m; sourceTree = "<group>"; };
		4CAED17C17BEA41F0022B08D /* TMDSegmentPC.h */ = {isa = PBXFileReference; fileEncoding = 4; lastKnownFileType = sourcecode.c.h; path = TMDSegmentPC.h; sourceTree = "<group>"; };
		4CAED17D17BEA41F0022B08D /* TMDSegmentPC.m */ = {isa = PBXFileReference; fileEncoding = 4; lastKnownFileType = sourcecode.c.objc; path = TMDSegmentPC.m; sourceTree = "<group>"; };
		4F4B27EB010842D2B984CFF8 /* Pods.xcconfig */ = {isa = PBXFileReference; includeInIndex = 1; lastKnownFileType = text.xcconfig; name = Pods.xcconfig; path = Pods/Pods.xcconfig; sourceTree = SOURCE_ROOT; };
		EA95A8E917B70C2D009BA55E /* Uniqlo.app */ = {isa = PBXFileReference; explicitFileType = wrapper.application; includeInIndex = 0; path = Uniqlo.app; sourceTree = BUILT_PRODUCTS_DIR; };
		EA95A8EC17B70C2D009BA55E /* UIKit.framework */ = {isa = PBXFileReference; lastKnownFileType = wrapper.framework; name = UIKit.framework; path = System/Library/Frameworks/UIKit.framework; sourceTree = SDKROOT; };
		EA95A8EE17B70C2D009BA55E /* Foundation.framework */ = {isa = PBXFileReference; lastKnownFileType = wrapper.framework; name = Foundation.framework; path = System/Library/Frameworks/Foundation.framework; sourceTree = SDKROOT; };
		EA95A8F017B70C2D009BA55E /* CoreGraphics.framework */ = {isa = PBXFileReference; lastKnownFileType = wrapper.framework; name = CoreGraphics.framework; path = System/Library/Frameworks/CoreGraphics.framework; sourceTree = SDKROOT; };
		EA95A8F417B70C2D009BA55E /* Uniqlo-Info.plist */ = {isa = PBXFileReference; lastKnownFileType = text.plist.xml; path = "Uniqlo-Info.plist"; sourceTree = "<group>"; };
		EA95A8F617B70C2D009BA55E /* en */ = {isa = PBXFileReference; lastKnownFileType = text.plist.strings; name = en; path = en.lproj/InfoPlist.strings; sourceTree = "<group>"; };
		EA95A8F817B70C2D009BA55E /* main.m */ = {isa = PBXFileReference; lastKnownFileType = sourcecode.c.objc; path = main.m; sourceTree = "<group>"; };
		EA95A8FA17B70C2D009BA55E /* Uniqlo-Prefix.pch */ = {isa = PBXFileReference; lastKnownFileType = sourcecode.c.h; path = "Uniqlo-Prefix.pch"; sourceTree = "<group>"; };
		EA95A8FB17B70C2D009BA55E /* TMDAppDelegate.h */ = {isa = PBXFileReference; lastKnownFileType = sourcecode.c.h; path = TMDAppDelegate.h; sourceTree = "<group>"; };
		EA95A8FC17B70C2D009BA55E /* TMDAppDelegate.m */ = {isa = PBXFileReference; lastKnownFileType = sourcecode.c.objc; path = TMDAppDelegate.m; sourceTree = "<group>"; };
		EA95A8FE17B70C2D009BA55E /* Default.png */ = {isa = PBXFileReference; lastKnownFileType = image.png; path = Default.png; sourceTree = "<group>"; };
		EA95A90017B70C2D009BA55E /* Default@2x.png */ = {isa = PBXFileReference; lastKnownFileType = image.png; path = "Default@2x.png"; sourceTree = "<group>"; };
		EA95A90217B70C2D009BA55E /* Default-568h@2x.png */ = {isa = PBXFileReference; lastKnownFileType = image.png; path = "Default-568h@2x.png"; sourceTree = "<group>"; };
		EA95A90417B70C2D009BA55E /* TMDHomeVC.h */ = {isa = PBXFileReference; lastKnownFileType = sourcecode.c.h; path = TMDHomeVC.h; sourceTree = "<group>"; };
		EA95A90517B70C2D009BA55E /* TMDHomeVC.m */ = {isa = PBXFileReference; lastKnownFileType = sourcecode.c.objc; path = TMDHomeVC.m; sourceTree = "<group>"; };
		EA95A90717B70C2D009BA55E /* first.png */ = {isa = PBXFileReference; lastKnownFileType = image.png; path = first.png; sourceTree = "<group>"; };
		EA95A90917B70C2D009BA55E /* first@2x.png */ = {isa = PBXFileReference; lastKnownFileType = image.png; path = "first@2x.png"; sourceTree = "<group>"; };
		EA95A90B17B70C2D009BA55E /* TMDMallVC.h */ = {isa = PBXFileReference; lastKnownFileType = sourcecode.c.h; path = TMDMallVC.h; sourceTree = "<group>"; };
		EA95A90C17B70C2D009BA55E /* TMDMallVC.m */ = {isa = PBXFileReference; lastKnownFileType = sourcecode.c.objc; path = TMDMallVC.m; sourceTree = "<group>"; };
		EA95A90E17B70C2D009BA55E /* second.png */ = {isa = PBXFileReference; lastKnownFileType = image.png; path = second.png; sourceTree = "<group>"; };
		EA95A91017B70C2D009BA55E /* second@2x.png */ = {isa = PBXFileReference; lastKnownFileType = image.png; path = "second@2x.png"; sourceTree = "<group>"; };
		EA95A91317B70C2D009BA55E /* en */ = {isa = PBXFileReference; lastKnownFileType = file.xib; name = en; path = en.lproj/TMDHomeVC.xib; sourceTree = "<group>"; };
		EA95A91617B70C2D009BA55E /* en */ = {isa = PBXFileReference; lastKnownFileType = file.xib; name = en; path = en.lproj/TMDMallVC.xib; sourceTree = "<group>"; };
		EA962B8217B7A6C400212159 /* At-selected.png */ = {isa = PBXFileReference; lastKnownFileType = image.png; path = "At-selected.png"; sourceTree = "<group>"; };
		EA962B8317B7A6C400212159 /* At-selected@2x.png */ = {isa = PBXFileReference; lastKnownFileType = image.png; path = "At-selected@2x.png"; sourceTree = "<group>"; };
		EA962B8417B7A6C400212159 /* At-unselected.png */ = {isa = PBXFileReference; lastKnownFileType = image.png; path = "At-unselected.png"; sourceTree = "<group>"; };
		EA962B8517B7A6C400212159 /* At-unselected@2x.png */ = {isa = PBXFileReference; lastKnownFileType = image.png; path = "At-unselected@2x.png"; sourceTree = "<group>"; };
		EA962B8717B7A6C400212159 /* Brain-selected.png */ = {isa = PBXFileReference; lastKnownFileType = image.png; path = "Brain-selected.png"; sourceTree = "<group>"; };
		EA962B8817B7A6C400212159 /* Brain-selected@2x.png */ = {isa = PBXFileReference; lastKnownFileType = image.png; path = "Brain-selected@2x.png"; sourceTree = "<group>"; };
		EA962B8917B7A6C400212159 /* Brain-unselected.png */ = {isa = PBXFileReference; lastKnownFileType = image.png; path = "Brain-unselected.png"; sourceTree = "<group>"; };
		EA962B8A17B7A6C400212159 /* Brain-unselected@2x.png */ = {isa = PBXFileReference; lastKnownFileType = image.png; path = "Brain-unselected@2x.png"; sourceTree = "<group>"; };
		EA962B8C17B7A6C400212159 /* Elephant-selected.png */ = {isa = PBXFileReference; lastKnownFileType = image.png; path = "Elephant-selected.png"; sourceTree = "<group>"; };
		EA962B8D17B7A6C400212159 /* Elephant-selected@2x.png */ = {isa = PBXFileReference; lastKnownFileType = image.png; path = "Elephant-selected@2x.png"; sourceTree = "<group>"; };
		EA962B8E17B7A6C400212159 /* Elephant-unselected.png */ = {isa = PBXFileReference; lastKnownFileType = image.png; path = "Elephant-unselected.png"; sourceTree = "<group>"; };
		EA962B8F17B7A6C400212159 /* Elephant-unselected@2x.png */ = {isa = PBXFileReference; lastKnownFileType = image.png; path = "Elephant-unselected@2x.png"; sourceTree = "<group>"; };
		EA962B9117B7A6C400212159 /* Fist-selected.png */ = {isa = PBXFileReference; lastKnownFileType = image.png; path = "Fist-selected.png"; sourceTree = "<group>"; };
		EA962B9217B7A6C400212159 /* Fist-selected@2x.png */ = {isa = PBXFileReference; lastKnownFileType = image.png; path = "Fist-selected@2x.png"; sourceTree = "<group>"; };
		EA962B9317B7A6C400212159 /* Fist-unselected.png */ = {isa = PBXFileReference; lastKnownFileType = image.png; path = "Fist-unselected.png"; sourceTree = "<group>"; };
		EA962B9417B7A6C400212159 /* Fist-unselected@2x.png */ = {isa = PBXFileReference; lastKnownFileType = image.png; path = "Fist-unselected@2x.png"; sourceTree = "<group>"; };
		EA962B9617B7A6C400212159 /* Levitate-selected.png */ = {isa = PBXFileReference; lastKnownFileType = image.png; path = "Levitate-selected.png"; sourceTree = "<group>"; };
		EA962B9717B7A6C400212159 /* Levitate-selected@2x.png */ = {isa = PBXFileReference; lastKnownFileType = image.png; path = "Levitate-selected@2x.png"; sourceTree = "<group>"; };
		EA962B9817B7A6C400212159 /* Levitate-unselected.png */ = {isa = PBXFileReference; lastKnownFileType = image.png; path = "Levitate-unselected.png"; sourceTree = "<group>"; };
		EA962B9917B7A6C400212159 /* Levitate-unselected@2x.png */ = {isa = PBXFileReference; lastKnownFileType = image.png; path = "Levitate-unselected@2x.png"; sourceTree = "<group>"; };
		EA962BAF17B7C7A600212159 /* green0.png */ = {isa = PBXFileReference; lastKnownFileType = image.png; path = green0.png; sourceTree = "<group>"; };
		EA962BB017B7C7A600212159 /* green1.png */ = {isa = PBXFileReference; lastKnownFileType = image.png; path = green1.png; sourceTree = "<group>"; };
		EA962BB117B7C7A600212159 /* green2.png */ = {isa = PBXFileReference; lastKnownFileType = image.png; path = green2.png; sourceTree = "<group>"; };
		EA962BB217B7C7A600212159 /* green3.png */ = {isa = PBXFileReference; lastKnownFileType = image.png; path = green3.png; sourceTree = "<group>"; };
		EA962BB317B7C7A600212159 /* green4.png */ = {isa = PBXFileReference; lastKnownFileType = image.png; path = green4.png; sourceTree = "<group>"; };
		EA968B2717BA2368000D3F1D /* TMDBaseVC.h */ = {isa = PBXFileReference; fileEncoding = 4; lastKnownFileType = sourcecode.c.h; path = TMDBaseVC.h; sourceTree = "<group>"; };
		EA968B2817BA2368000D3F1D /* TMDBaseVC.m */ = {isa = PBXFileReference; fileEncoding = 4; lastKnownFileType = sourcecode.c.objc; path = TMDBaseVC.m; sourceTree = "<group>"; };
		EA968B2A17BA257F000D3F1D /* TMDNaviController.h */ = {isa = PBXFileReference; fileEncoding = 4; lastKnownFileType = sourcecode.c.h; path = TMDNaviController.h; sourceTree = "<group>"; };
		EA968B2B17BA257F000D3F1D /* TMDNaviController.m */ = {isa = PBXFileReference; fileEncoding = 4; lastKnownFileType = sourcecode.c.objc; path = TMDNaviController.m; sourceTree = "<group>"; };
		EA9770B117BB69A000C0E67E /* sample_adv1.jpg */ = {isa = PBXFileReference; lastKnownFileType = image.jpeg; path = sample_adv1.jpg; sourceTree = "<group>"; };
		EA9770B217BB69A000C0E67E /* sample_adv2.jpg */ = {isa = PBXFileReference; lastKnownFileType = image.jpeg; path = sample_adv2.jpg; sourceTree = "<group>"; };
		EA9770B317BB69A000C0E67E /* sample_adv3.jpg */ = {isa = PBXFileReference; lastKnownFileType = image.jpeg; path = sample_adv3.jpg; sourceTree = "<group>"; };
		EA9770B817BB6BEA00C0E67E /* GGColor.h */ = {isa = PBXFileReference; fileEncoding = 4; lastKnownFileType = sourcecode.c.h; path = GGColor.h; sourceTree = "<group>"; };
		EA9770B917BB6BEA00C0E67E /* GGColor.m */ = {isa = PBXFileReference; fileEncoding = 4; lastKnownFileType = sourcecode.c.objc; path = GGColor.m; sourceTree = "<group>"; };
		EA9770BC17BB6DC200C0E67E /* UIView+AddOn.h */ = {isa = PBXFileReference; fileEncoding = 4; lastKnownFileType = sourcecode.c.h; path = "UIView+AddOn.h"; sourceTree = "<group>"; };
		EA9770BD17BB6DC200C0E67E /* UIView+AddOn.m */ = {isa = PBXFileReference; fileEncoding = 4; lastKnownFileType = sourcecode.c.objc; path = "UIView+AddOn.m"; sourceTree = "<group>"; };
		EA9770BE17BB6DC200C0E67E /* UIView+LoadFromNib.h */ = {isa = PBXFileReference; fileEncoding = 4; lastKnownFileType = sourcecode.c.h; path = "UIView+LoadFromNib.h"; sourceTree = "<group>"; };
		EA9770BF17BB6DC200C0E67E /* UIView+LoadFromNib.m */ = {isa = PBXFileReference; fileEncoding = 4; lastKnownFileType = sourcecode.c.objc; path = "UIView+LoadFromNib.m"; sourceTree = "<group>"; };
		EA9770C217BB6F1100C0E67E /* QuartzCore.framework */ = {isa = PBXFileReference; lastKnownFileType = wrapper.framework; name = QuartzCore.framework; path = System/Library/Frameworks/QuartzCore.framework; sourceTree = SDKROOT; };
		EA9770C417BB737400C0E67E /* currentPageDot@2x.png */ = {isa = PBXFileReference; lastKnownFileType = image.png; path = "currentPageDot@2x.png"; sourceTree = "<group>"; };
		EA9770C517BB737400C0E67E /* pageDot@2x.png */ = {isa = PBXFileReference; lastKnownFileType = image.png; path = "pageDot@2x.png"; sourceTree = "<group>"; };
		EA9770C917BB782400C0E67E /* GGWebVC.h */ = {isa = PBXFileReference; fileEncoding = 4; lastKnownFileType = sourcecode.c.h; path = GGWebVC.h; sourceTree = "<group>"; };
		EA9770CA17BB782400C0E67E /* GGWebVC.m */ = {isa = PBXFileReference; fileEncoding = 4; lastKnownFileType = sourcecode.c.objc; path = GGWebVC.m; sourceTree = "<group>"; };
		EA9770CC17BB7E8F00C0E67E /* location@2x.png */ = {isa = PBXFileReference; lastKnownFileType = image.png; path = "location@2x.png"; sourceTree = "<group>"; };
		EA9770CE17BB834900C0E67E /* bottomView@2x.png */ = {isa = PBXFileReference; lastKnownFileType = image.png; path = "bottomView@2x.png"; sourceTree = "<group>"; };
		EA9D141B17BCBEA8008958A5 /* TMDSearchVC.h */ = {isa = PBXFileReference; fileEncoding = 4; lastKnownFileType = sourcecode.c.h; path = TMDSearchVC.h; sourceTree = "<group>"; };
		EA9D141C17BCBEA8008958A5 /* TMDSearchVC.m */ = {isa = PBXFileReference; fileEncoding = 4; lastKnownFileType = sourcecode.c.objc; path = TMDSearchVC.m; sourceTree = "<group>"; };
		EA9D141D17BCBEA8008958A5 /* TMDSearchVC.xib */ = {isa = PBXFileReference; fileEncoding = 4; lastKnownFileType = file.xib; path = TMDSearchVC.xib; sourceTree = "<group>"; };
		EA9D142017BCBF75008958A5 /* mockSearch@2x.png */ = {isa = PBXFileReference; lastKnownFileType = image.png; path = "mockSearch@2x.png"; sourceTree = "<group>"; };
		EA9D142317BCC4D6008958A5 /* tab1Black@2x.png */ = {isa = PBXFileReference; lastKnownFileType = image.png; path = "tab1Black@2x.png"; sourceTree = "<group>"; };
		EA9D142417BCC4D6008958A5 /* tab1Red@2x.png */ = {isa = PBXFileReference; lastKnownFileType = image.png; path = "tab1Red@2x.png"; sourceTree = "<group>"; };
		EA9D142517BCC4D6008958A5 /* tab2Black@2x.png */ = {isa = PBXFileReference; lastKnownFileType = image.png; path = "tab2Black@2x.png"; sourceTree = "<group>"; };
		EA9D142617BCC4D6008958A5 /* tab2Red@2x.png */ = {isa = PBXFileReference; lastKnownFileType = image.png; path = "tab2Red@2x.png"; sourceTree = "<group>"; };
		EA9D142717BCC4D6008958A5 /* tab3Black@2x.png */ = {isa = PBXFileReference; lastKnownFileType = image.png; path = "tab3Black@2x.png"; sourceTree = "<group>"; };
		EA9D142817BCC4D6008958A5 /* tab3Red@2x.png */ = {isa = PBXFileReference; lastKnownFileType = image.png; path = "tab3Red@2x.png"; sourceTree = "<group>"; };
		EA9D142917BCC4D6008958A5 /* tab4Black@2x.png */ = {isa = PBXFileReference; lastKnownFileType = image.png; path = "tab4Black@2x.png"; sourceTree = "<group>"; };
		EA9D142A17BCC4D6008958A5 /* tab4Red@2x.png */ = {isa = PBXFileReference; lastKnownFileType = image.png; path = "tab4Red@2x.png"; sourceTree = "<group>"; };
		EA9D142B17BCC4D6008958A5 /* tab5Black@2x.png */ = {isa = PBXFileReference; lastKnownFileType = image.png; path = "tab5Black@2x.png"; sourceTree = "<group>"; };
		EA9D142C17BCC4D6008958A5 /* tab5Red@2x.png */ = {isa = PBXFileReference; lastKnownFileType = image.png; path = "tab5Red@2x.png"; sourceTree = "<group>"; };
		EA9D143717BCC65E008958A5 /* TMDCouponVC.h */ = {isa = PBXFileReference; fileEncoding = 4; lastKnownFileType = sourcecode.c.h; path = TMDCouponVC.h; sourceTree = "<group>"; };
		EA9D143817BCC65E008958A5 /* TMDCouponVC.m */ = {isa = PBXFileReference; fileEncoding = 4; lastKnownFileType = sourcecode.c.objc; path = TMDCouponVC.m; sourceTree = "<group>"; };
		EA9D143917BCC65E008958A5 /* TMDCouponVC.xib */ = {isa = PBXFileReference; fileEncoding = 4; lastKnownFileType = file.xib; path = TMDCouponVC.xib; sourceTree = "<group>"; };
		EA9D143C17BCC720008958A5 /* TMDNewsVC.h */ = {isa = PBXFileReference; fileEncoding = 4; lastKnownFileType = sourcecode.c.h; path = TMDNewsVC.h; sourceTree = "<group>"; };
		EA9D143D17BCC720008958A5 /* TMDNewsVC.m */ = {isa = PBXFileReference; fileEncoding = 4; lastKnownFileType = sourcecode.c.objc; path = TMDNewsVC.m; sourceTree = "<group>"; };
		EA9D143E17BCC720008958A5 /* TMDNewsVC.xib */ = {isa = PBXFileReference; fileEncoding = 4; lastKnownFileType = file.xib; path = TMDNewsVC.xib; sourceTree = "<group>"; };
		EA9D144117BCC7B9008958A5 /* TMDMoreVC.h */ = {isa = PBXFileReference; fileEncoding = 4; lastKnownFileType = sourcecode.c.h; path = TMDMoreVC.h; sourceTree = "<group>"; };
		EA9D144217BCC7B9008958A5 /* TMDMoreVC.m */ = {isa = PBXFileReference; fileEncoding = 4; lastKnownFileType = sourcecode.c.objc; path = TMDMoreVC.m; sourceTree = "<group>"; };
		EA9D144317BCC7B9008958A5 /* TMDMoreVC.xib */ = {isa = PBXFileReference; fileEncoding = 4; lastKnownFileType = file.xib; path = TMDMoreVC.xib; sourceTree = "<group>"; };
		EA9D144617BCC9B8008958A5 /* mockCoupOn@2x.png */ = {isa = PBXFileReference; lastKnownFileType = image.png; path = "mockCoupOn@2x.png"; sourceTree = "<group>"; };
/* End PBXFileReference section */

/* Begin PBXFrameworksBuildPhase section */
		EA95A8E617B70C2D009BA55E /* Frameworks */ = {
			isa = PBXFrameworksBuildPhase;
			buildActionMask = 2147483647;
			files = (
				EA9770C317BB6F1100C0E67E /* QuartzCore.framework in Frameworks */,
				EA95A8ED17B70C2D009BA55E /* UIKit.framework in Frameworks */,
				EA95A8EF17B70C2D009BA55E /* Foundation.framework in Frameworks */,
				EA95A8F117B70C2D009BA55E /* CoreGraphics.framework in Frameworks */,
				38E7EBF11040436992E08DE7 /* libPods.a in Frameworks */,
			);
			runOnlyForDeploymentPostprocessing = 0;
		};
/* End PBXFrameworksBuildPhase section */

/* Begin PBXGroup section */
		EA95A8E017B70C2D009BA55E = {
			isa = PBXGroup;
			children = (
				EA9770C817BB781A00C0E67E /* ViewControllers */,
				EA9770C217BB6F1100C0E67E /* QuartzCore.framework */,
				EA9770BB17BB6DB800C0E67E /* Categories */,
				EA9770B717BB6BDE00C0E67E /* Utility */,
				EA962B7E17B7A6C400212159 /* Resources */,
				EA95A8F217B70C2D009BA55E /* Uniqlo */,
				EA95A8EB17B70C2D009BA55E /* Frameworks */,
				EA95A8EA17B70C2D009BA55E /* Products */,
				4F4B27EB010842D2B984CFF8 /* Pods.xcconfig */,
			);
			sourceTree = "<group>";
		};
		EA95A8EA17B70C2D009BA55E /* Products */ = {
			isa = PBXGroup;
			children = (
				EA95A8E917B70C2D009BA55E /* Uniqlo.app */,
			);
			name = Products;
			sourceTree = "<group>";
		};
		EA95A8EB17B70C2D009BA55E /* Frameworks */ = {
			isa = PBXGroup;
			children = (
				EA95A8EC17B70C2D009BA55E /* UIKit.framework */,
				EA95A8EE17B70C2D009BA55E /* Foundation.framework */,
				EA95A8F017B70C2D009BA55E /* CoreGraphics.framework */,
				13322FA2D8934DCAA683C0A6 /* libPods.a */,
			);
			name = Frameworks;
			sourceTree = "<group>";
		};
		EA95A8F217B70C2D009BA55E /* Uniqlo */ = {
			isa = PBXGroup;
			children = (
				EA95A8FB17B70C2D009BA55E /* TMDAppDelegate.h */,
				EA95A8FC17B70C2D009BA55E /* TMDAppDelegate.m */,
				EA95A90417B70C2D009BA55E /* TMDHomeVC.h */,
				EA95A90517B70C2D009BA55E /* TMDHomeVC.m */,
				EA95A90717B70C2D009BA55E /* first.png */,
				EA95A90917B70C2D009BA55E /* first@2x.png */,
				EA95A90B17B70C2D009BA55E /* TMDMallVC.h */,
				EA95A90C17B70C2D009BA55E /* TMDMallVC.m */,
				EA95A90E17B70C2D009BA55E /* second.png */,
				EA95A91017B70C2D009BA55E /* second@2x.png */,
				EA95A91217B70C2D009BA55E /* TMDHomeVC.xib */,
				EA95A91517B70C2D009BA55E /* TMDMallVC.xib */,
				EA95A8F317B70C2D009BA55E /* Supporting Files */,
				EA968B2717BA2368000D3F1D /* TMDBaseVC.h */,
				EA968B2817BA2368000D3F1D /* TMDBaseVC.m */,
				EA968B2A17BA257F000D3F1D /* TMDNaviController.h */,
				EA968B2B17BA257F000D3F1D /* TMDNaviController.m */,
				4CAED17917BEA3EC0022B08D /* TMDTableVC.h */,
				4CAED17A17BEA3ED0022B08D /* TMDTableVC.m */,
				4CAED17C17BEA41F0022B08D /* TMDSegmentPC.h */,
				4CAED17D17BEA41F0022B08D /* TMDSegmentPC.m */,
			);
			path = Uniqlo;
			sourceTree = "<group>";
		};
		EA95A8F317B70C2D009BA55E /* Supporting Files */ = {
			isa = PBXGroup;
			children = (
				EA95A8F417B70C2D009BA55E /* Uniqlo-Info.plist */,
				EA95A8F517B70C2D009BA55E /* InfoPlist.strings */,
				EA95A8F817B70C2D009BA55E /* main.m */,
				EA95A8FA17B70C2D009BA55E /* Uniqlo-Prefix.pch */,
				EA95A8FE17B70C2D009BA55E /* Default.png */,
				EA95A90017B70C2D009BA55E /* Default@2x.png */,
				EA95A90217B70C2D009BA55E /* Default-568h@2x.png */,
			);
			name = "Supporting Files";
			sourceTree = "<group>";
		};
		EA962B7E17B7A6C400212159 /* Resources */ = {
			isa = PBXGroup;
			children = (
				EA9D142217BCC4D6008958A5 /* tabSample */,
				EA962B7F17B7A6C400212159 /* Images */,
			);
			path = Resources;
			sourceTree = "<group>";
		};
		EA962B7F17B7A6C400212159 /* Images */ = {
			isa = PBXGroup;
			children = (
				4CAED17517BEA3A10022B08D /* tabsel@2x.png */,
				4CAED17617BEA3A30022B08D /* tabunsel@2x.png */,
				EA9D144617BCC9B8008958A5 /* mockCoupOn@2x.png */,
				EA9D142017BCBF75008958A5 /* mockSearch@2x.png */,
				EA9770CE17BB834900C0E67E /* bottomView@2x.png */,
				EA9770CC17BB7E8F00C0E67E /* location@2x.png */,
				EA9770C417BB737400C0E67E /* currentPageDot@2x.png */,
				EA9770C517BB737400C0E67E /* pageDot@2x.png */,
				EA9770B017BB69A000C0E67E /* Advertise */,
				EA962B8017B7A6C400212159 /* Icons */,
			);
			path = Images;
			sourceTree = "<group>";
		};
		EA962B8017B7A6C400212159 /* Icons */ = {
			isa = PBXGroup;
			children = (
				EA962BAE17B7C7A600212159 /* GreenIcons */,
				EA962B8117B7A6C400212159 /* At */,
				EA962B8617B7A6C400212159 /* Brain */,
				EA962B8B17B7A6C400212159 /* Elephant */,
				EA962B9017B7A6C400212159 /* Fist */,
				EA962B9517B7A6C400212159 /* Levitate */,
			);
			path = Icons;
			sourceTree = "<group>";
		};
		EA962B8117B7A6C400212159 /* At */ = {
			isa = PBXGroup;
			children = (
				EA962B8217B7A6C400212159 /* At-selected.png */,
				EA962B8317B7A6C400212159 /* At-selected@2x.png */,
				EA962B8417B7A6C400212159 /* At-unselected.png */,
				EA962B8517B7A6C400212159 /* At-unselected@2x.png */,
			);
			path = At;
			sourceTree = "<group>";
		};
		EA962B8617B7A6C400212159 /* Brain */ = {
			isa = PBXGroup;
			children = (
				EA962B8717B7A6C400212159 /* Brain-selected.png */,
				EA962B8817B7A6C400212159 /* Brain-selected@2x.png */,
				EA962B8917B7A6C400212159 /* Brain-unselected.png */,
				EA962B8A17B7A6C400212159 /* Brain-unselected@2x.png */,
			);
			path = Brain;
			sourceTree = "<group>";
		};
		EA962B8B17B7A6C400212159 /* Elephant */ = {
			isa = PBXGroup;
			children = (
				EA962B8C17B7A6C400212159 /* Elephant-selected.png */,
				EA962B8D17B7A6C400212159 /* Elephant-selected@2x.png */,
				EA962B8E17B7A6C400212159 /* Elephant-unselected.png */,
				EA962B8F17B7A6C400212159 /* Elephant-unselected@2x.png */,
			);
			path = Elephant;
			sourceTree = "<group>";
		};
		EA962B9017B7A6C400212159 /* Fist */ = {
			isa = PBXGroup;
			children = (
				EA962B9117B7A6C400212159 /* Fist-selected.png */,
				EA962B9217B7A6C400212159 /* Fist-selected@2x.png */,
				EA962B9317B7A6C400212159 /* Fist-unselected.png */,
				EA962B9417B7A6C400212159 /* Fist-unselected@2x.png */,
			);
			path = Fist;
			sourceTree = "<group>";
		};
		EA962B9517B7A6C400212159 /* Levitate */ = {
			isa = PBXGroup;
			children = (
				EA962B9617B7A6C400212159 /* Levitate-selected.png */,
				EA962B9717B7A6C400212159 /* Levitate-selected@2x.png */,
				EA962B9817B7A6C400212159 /* Levitate-unselected.png */,
				EA962B9917B7A6C400212159 /* Levitate-unselected@2x.png */,
			);
			path = Levitate;
			sourceTree = "<group>";
		};
		EA962BAE17B7C7A600212159 /* GreenIcons */ = {
			isa = PBXGroup;
			children = (
				EA962BAF17B7C7A600212159 /* green0.png */,
				EA962BB017B7C7A600212159 /* green1.png */,
				EA962BB117B7C7A600212159 /* green2.png */,
				EA962BB217B7C7A600212159 /* green3.png */,
				EA962BB317B7C7A600212159 /* green4.png */,
			);
			path = GreenIcons;
			sourceTree = "<group>";
		};
		EA9770B017BB69A000C0E67E /* Advertise */ = {
			isa = PBXGroup;
			children = (
				EA9770B117BB69A000C0E67E /* sample_adv1.jpg */,
				EA9770B217BB69A000C0E67E /* sample_adv2.jpg */,
				EA9770B317BB69A000C0E67E /* sample_adv3.jpg */,
			);
			path = Advertise;
			sourceTree = "<group>";
		};
		EA9770B717BB6BDE00C0E67E /* Utility */ = {
			isa = PBXGroup;
			children = (
				EA9770B817BB6BEA00C0E67E /* GGColor.h */,
				EA9770B917BB6BEA00C0E67E /* GGColor.m */,
			);
			path = Utility;
			sourceTree = "<group>";
		};
		EA9770BB17BB6DB800C0E67E /* Categories */ = {
			isa = PBXGroup;
			children = (
				EA9770BC17BB6DC200C0E67E /* UIView+AddOn.h */,
				EA9770BD17BB6DC200C0E67E /* UIView+AddOn.m */,
				EA9770BE17BB6DC200C0E67E /* UIView+LoadFromNib.h */,
				EA9770BF17BB6DC200C0E67E /* UIView+LoadFromNib.m */,
			);
			path = Categories;
			sourceTree = "<group>";
		};
		EA9770C817BB781A00C0E67E /* ViewControllers */ = {
			isa = PBXGroup;
			children = (
				EA9770C917BB782400C0E67E /* GGWebVC.h */,
				EA9770CA17BB782400C0E67E /* GGWebVC.m */,
				EA9D141B17BCBEA8008958A5 /* TMDSearchVC.h */,
				EA9D141C17BCBEA8008958A5 /* TMDSearchVC.m */,
				EA9D141D17BCBEA8008958A5 /* TMDSearchVC.xib */,
				EA9D143717BCC65E008958A5 /* TMDCouponVC.h */,
				EA9D143817BCC65E008958A5 /* TMDCouponVC.m */,
				EA9D143917BCC65E008958A5 /* TMDCouponVC.xib */,
				EA9D143C17BCC720008958A5 /* TMDNewsVC.h */,
				EA9D143D17BCC720008958A5 /* TMDNewsVC.m */,
				EA9D143E17BCC720008958A5 /* TMDNewsVC.xib */,
				EA9D144117BCC7B9008958A5 /* TMDMoreVC.h */,
				EA9D144217BCC7B9008958A5 /* TMDMoreVC.m */,
				EA9D144317BCC7B9008958A5 /* TMDMoreVC.xib */,
			);
			path = ViewControllers;
			sourceTree = "<group>";
		};
		EA9D142217BCC4D6008958A5 /* tabSample */ = {
			isa = PBXGroup;
			children = (
				EA9D142317BCC4D6008958A5 /* tab1Black@2x.png */,
				EA9D142417BCC4D6008958A5 /* tab1Red@2x.png */,
				EA9D142517BCC4D6008958A5 /* tab2Black@2x.png */,
				EA9D142617BCC4D6008958A5 /* tab2Red@2x.png */,
				EA9D142717BCC4D6008958A5 /* tab3Black@2x.png */,
				EA9D142817BCC4D6008958A5 /* tab3Red@2x.png */,
				EA9D142917BCC4D6008958A5 /* tab4Black@2x.png */,
				EA9D142A17BCC4D6008958A5 /* tab4Red@2x.png */,
				EA9D142B17BCC4D6008958A5 /* tab5Black@2x.png */,
				EA9D142C17BCC4D6008958A5 /* tab5Red@2x.png */,
			);
			path = tabSample;
			sourceTree = "<group>";
		};
/* End PBXGroup section */

/* Begin PBXNativeTarget section */
		EA95A8E817B70C2D009BA55E /* Uniqlo */ = {
			isa = PBXNativeTarget;
			buildConfigurationList = EA95A91A17B70C2D009BA55E /* Build configuration list for PBXNativeTarget "Uniqlo" */;
			buildPhases = (
				1C5BF1168DA14111AEBC27DF /* Check Pods Manifest.lock */,
				EA95A8E517B70C2D009BA55E /* Sources */,
				EA95A8E617B70C2D009BA55E /* Frameworks */,
				EA95A8E717B70C2D009BA55E /* Resources */,
				1EE3B1D7FFFC41EBA546CCBD /* Copy Pods Resources */,
			);
			buildRules = (
			);
			dependencies = (
			);
			name = Uniqlo;
			productName = Uniqlo;
			productReference = EA95A8E917B70C2D009BA55E /* Uniqlo.app */;
			productType = "com.apple.product-type.application";
		};
/* End PBXNativeTarget section */

/* Begin PBXProject section */
		EA95A8E117B70C2D009BA55E /* Project object */ = {
			isa = PBXProject;
			attributes = {
				CLASSPREFIX = TMD;
				LastUpgradeCheck = 0460;
				ORGANIZATIONNAME = "Dong Yiming";
			};
			buildConfigurationList = EA95A8E417B70C2D009BA55E /* Build configuration list for PBXProject "Uniqlo" */;
			compatibilityVersion = "Xcode 3.2";
			developmentRegion = English;
			hasScannedForEncodings = 0;
			knownRegions = (
				en,
			);
			mainGroup = EA95A8E017B70C2D009BA55E;
			productRefGroup = EA95A8EA17B70C2D009BA55E /* Products */;
			projectDirPath = "";
			projectRoot = "";
			targets = (
				EA95A8E817B70C2D009BA55E /* Uniqlo */,
			);
		};
/* End PBXProject section */

/* Begin PBXResourcesBuildPhase section */
		EA95A8E717B70C2D009BA55E /* Resources */ = {
			isa = PBXResourcesBuildPhase;
			buildActionMask = 2147483647;
			files = (
				EA95A8F717B70C2D009BA55E /* InfoPlist.strings in Resources */,
				EA95A8FF17B70C2D009BA55E /* Default.png in Resources */,
				EA95A90117B70C2D009BA55E /* Default@2x.png in Resources */,
				EA95A90317B70C2D009BA55E /* Default-568h@2x.png in Resources */,
				EA95A90817B70C2D009BA55E /* first.png in Resources */,
				EA95A90A17B70C2D009BA55E /* first@2x.png in Resources */,
				EA95A90F17B70C2D009BA55E /* second.png in Resources */,
				EA95A91117B70C2D009BA55E /* second@2x.png in Resources */,
				EA95A91417B70C2D009BA55E /* TMDHomeVC.xib in Resources */,
				EA95A91717B70C2D009BA55E /* TMDMallVC.xib in Resources */,
				EA962B9A17B7A6C400212159 /* At-selected.png in Resources */,
				EA962B9B17B7A6C400212159 /* At-selected@2x.png in Resources */,
				EA962B9C17B7A6C400212159 /* At-unselected.png in Resources */,
				EA962B9D17B7A6C400212159 /* At-unselected@2x.png in Resources */,
				EA962B9E17B7A6C400212159 /* Brain-selected.png in Resources */,
				EA962B9F17B7A6C400212159 /* Brain-selected@2x.png in Resources */,
				EA962BA017B7A6C400212159 /* Brain-unselected.png in Resources */,
				EA962BA117B7A6C400212159 /* Brain-unselected@2x.png in Resources */,
				EA962BA217B7A6C400212159 /* Elephant-selected.png in Resources */,
				EA962BA317B7A6C400212159 /* Elephant-selected@2x.png in Resources */,
				EA962BA417B7A6C400212159 /* Elephant-unselected.png in Resources */,
				EA962BA517B7A6C400212159 /* Elephant-unselected@2x.png in Resources */,
				EA962BA617B7A6C400212159 /* Fist-selected.png in Resources */,
				EA962BA717B7A6C400212159 /* Fist-selected@2x.png in Resources */,
				EA962BA817B7A6C400212159 /* Fist-unselected.png in Resources */,
				EA962BA917B7A6C400212159 /* Fist-unselected@2x.png in Resources */,
				EA962BAA17B7A6C400212159 /* Levitate-selected.png in Resources */,
				EA962BAB17B7A6C400212159 /* Levitate-selected@2x.png in Resources */,
				EA962BAC17B7A6C400212159 /* Levitate-unselected.png in Resources */,
				EA962BAD17B7A6C400212159 /* Levitate-unselected@2x.png in Resources */,
				EA962BB417B7C7A600212159 /* green0.png in Resources */,
				EA962BB517B7C7A600212159 /* green1.png in Resources */,
				EA962BB617B7C7A600212159 /* green2.png in Resources */,
				EA962BB717B7C7A600212159 /* green3.png in Resources */,
				EA962BB817B7C7A600212159 /* green4.png in Resources */,
				EA9770B417BB69A000C0E67E /* sample_adv1.jpg in Resources */,
				EA9770B517BB69A000C0E67E /* sample_adv2.jpg in Resources */,
				EA9770B617BB69A000C0E67E /* sample_adv3.jpg in Resources */,
				EA9770C617BB737400C0E67E /* currentPageDot@2x.png in Resources */,
				EA9770C717BB737400C0E67E /* pageDot@2x.png in Resources */,
				EA9770CD17BB7E8F00C0E67E /* location@2x.png in Resources */,
				EA9770CF17BB834900C0E67E /* bottomView@2x.png in Resources */,
				EA9D141F17BCBEA8008958A5 /* TMDSearchVC.xib in Resources */,
				EA9D142117BCBF75008958A5 /* mockSearch@2x.png in Resources */,
				EA9D142D17BCC4D6008958A5 /* tab1Black@2x.png in Resources */,
				EA9D142E17BCC4D6008958A5 /* tab1Red@2x.png in Resources */,
				EA9D142F17BCC4D6008958A5 /* tab2Black@2x.png in Resources */,
				EA9D143017BCC4D6008958A5 /* tab2Red@2x.png in Resources */,
				EA9D143117BCC4D6008958A5 /* tab3Black@2x.png in Resources */,
				EA9D143217BCC4D6008958A5 /* tab3Red@2x.png in Resources */,
				EA9D143317BCC4D6008958A5 /* tab4Black@2x.png in Resources */,
				EA9D143417BCC4D6008958A5 /* tab4Red@2x.png in Resources */,
				EA9D143517BCC4D6008958A5 /* tab5Black@2x.png in Resources */,
				EA9D143617BCC4D6008958A5 /* tab5Red@2x.png in Resources */,
				EA9D143B17BCC65F008958A5 /* TMDCouponVC.xib in Resources */,
				EA9D144017BCC720008958A5 /* TMDNewsVC.xib in Resources */,
				EA9D144517BCC7B9008958A5 /* TMDMoreVC.xib in Resources */,
				EA9D144717BCC9B8008958A5 /* mockCoupOn@2x.png in Resources */,
				4CAED17717BEA3A60022B08D /* tabsel@2x.png in Resources */,
				4CAED17817BEA3A60022B08D /* tabunsel@2x.png in Resources */,
			);
			runOnlyForDeploymentPostprocessing = 0;
		};
/* End PBXResourcesBuildPhase section */

/* Begin PBXShellScriptBuildPhase section */
		1C5BF1168DA14111AEBC27DF /* Check Pods Manifest.lock */ = {
			isa = PBXShellScriptBuildPhase;
			buildActionMask = 2147483647;
			files = (
			);
			inputPaths = (
			);
			name = "Check Pods Manifest.lock";
			outputPaths = (
			);
			runOnlyForDeploymentPostprocessing = 0;
			shellPath = /bin/sh;
			shellScript = "diff \"${PODS_ROOT}/../Podfile.lock\" \"${PODS_ROOT}/Manifest.lock\" > /dev/null\nif [[ $? != 0 ]] ; then\n    cat << EOM\nerror: The sandbox is not in sync with the Podfile.lock. Run 'pod install' or update your CocoaPods installation.\nEOM\n    exit 1\nfi\n";
			showEnvVarsInLog = 0;
		};
		1EE3B1D7FFFC41EBA546CCBD /* Copy Pods Resources */ = {
			isa = PBXShellScriptBuildPhase;
			buildActionMask = 2147483647;
			files = (
			);
			inputPaths = (
			);
			name = "Copy Pods Resources";
			outputPaths = (
			);
			runOnlyForDeploymentPostprocessing = 0;
			shellPath = /bin/sh;
			shellScript = "\"${SRCROOT}/Pods/Pods-resources.sh\"\n";
			showEnvVarsInLog = 0;
		};
/* End PBXShellScriptBuildPhase section */

/* Begin PBXSourcesBuildPhase section */
		EA95A8E517B70C2D009BA55E /* Sources */ = {
			isa = PBXSourcesBuildPhase;
			buildActionMask = 2147483647;
			files = (
				EA95A8F917B70C2D009BA55E /* main.m in Sources */,
				EA95A8FD17B70C2D009BA55E /* TMDAppDelegate.m in Sources */,
				EA95A90617B70C2D009BA55E /* TMDHomeVC.m in Sources */,
				EA95A90D17B70C2D009BA55E /* TMDMallVC.m in Sources */,
				EA968B2917BA2368000D3F1D /* TMDBaseVC.m in Sources */,
				EA968B2C17BA257F000D3F1D /* TMDNaviController.m in Sources */,
				EA9770BA17BB6BEA00C0E67E /* GGColor.m in Sources */,
				EA9770C017BB6DC200C0E67E /* UIView+AddOn.m in Sources */,
				EA9770C117BB6DC200C0E67E /* UIView+LoadFromNib.m in Sources */,
				EA9770CB17BB782400C0E67E /* GGWebVC.m in Sources */,
				EA9D141E17BCBEA8008958A5 /* TMDSearchVC.m in Sources */,
				EA9D143A17BCC65F008958A5 /* TMDCouponVC.m in Sources */,
				EA9D143F17BCC720008958A5 /* TMDNewsVC.m in Sources */,
				EA9D144417BCC7B9008958A5 /* TMDMoreVC.m in Sources */,
				4CAED17B17BEA3ED0022B08D /* TMDTableVC.m in Sources */,
				4CAED17E17BEA4210022B08D /* TMDSegmentPC.m in Sources */,
			);
			runOnlyForDeploymentPostprocessing = 0;
		};
/* End PBXSourcesBuildPhase section */

/* Begin PBXVariantGroup section */
		EA95A8F517B70C2D009BA55E /* InfoPlist.strings */ = {
			isa = PBXVariantGroup;
			children = (
				EA95A8F617B70C2D009BA55E /* en */,
			);
			name = InfoPlist.strings;
			sourceTree = "<group>";
		};
		EA95A91217B70C2D009BA55E /* TMDHomeVC.xib */ = {
			isa = PBXVariantGroup;
			children = (
				EA95A91317B70C2D009BA55E /* en */,
			);
			name = TMDHomeVC.xib;
			sourceTree = "<group>";
		};
		EA95A91517B70C2D009BA55E /* TMDMallVC.xib */ = {
			isa = PBXVariantGroup;
			children = (
				EA95A91617B70C2D009BA55E /* en */,
			);
			name = TMDMallVC.xib;
			sourceTree = "<group>";
		};
/* End PBXVariantGroup section */

/* Begin XCBuildConfiguration section */
		EA95A91817B70C2D009BA55E /* Debug */ = {
			isa = XCBuildConfiguration;
			buildSettings = {
				ALWAYS_SEARCH_USER_PATHS = NO;
				CLANG_CXX_LANGUAGE_STANDARD = "gnu++0x";
				CLANG_CXX_LIBRARY = "libc++";
				CLANG_ENABLE_OBJC_ARC = YES;
				CLANG_WARN_CONSTANT_CONVERSION = YES;
				CLANG_WARN_EMPTY_BODY = YES;
				CLANG_WARN_ENUM_CONVERSION = YES;
				CLANG_WARN_INT_CONVERSION = YES;
				CLANG_WARN__DUPLICATE_METHOD_MATCH = YES;
				"CODE_SIGN_IDENTITY[sdk=iphoneos*]" = "iPhone Developer";
				COPY_PHASE_STRIP = NO;
				GCC_C_LANGUAGE_STANDARD = gnu99;
				GCC_DYNAMIC_NO_PIC = NO;
				GCC_OPTIMIZATION_LEVEL = 0;
				GCC_PREPROCESSOR_DEFINITIONS = (
					"DEBUG=1",
					"$(inherited)",
				);
				GCC_SYMBOLS_PRIVATE_EXTERN = NO;
				GCC_WARN_ABOUT_RETURN_TYPE = YES;
				GCC_WARN_UNINITIALIZED_AUTOS = YES;
				GCC_WARN_UNUSED_VARIABLE = YES;
				IPHONEOS_DEPLOYMENT_TARGET = 6.1;
				ONLY_ACTIVE_ARCH = YES;
				SDKROOT = iphoneos;
			};
			name = Debug;
		};
		EA95A91917B70C2D009BA55E /* Release */ = {
			isa = XCBuildConfiguration;
			buildSettings = {
				ALWAYS_SEARCH_USER_PATHS = NO;
				CLANG_CXX_LANGUAGE_STANDARD = "gnu++0x";
				CLANG_CXX_LIBRARY = "libc++";
				CLANG_ENABLE_OBJC_ARC = YES;
				CLANG_WARN_CONSTANT_CONVERSION = YES;
				CLANG_WARN_EMPTY_BODY = YES;
				CLANG_WARN_ENUM_CONVERSION = YES;
				CLANG_WARN_INT_CONVERSION = YES;
				CLANG_WARN__DUPLICATE_METHOD_MATCH = YES;
				"CODE_SIGN_IDENTITY[sdk=iphoneos*]" = "iPhone Developer";
				COPY_PHASE_STRIP = YES;
				GCC_C_LANGUAGE_STANDARD = gnu99;
				GCC_WARN_ABOUT_RETURN_TYPE = YES;
				GCC_WARN_UNINITIALIZED_AUTOS = YES;
				GCC_WARN_UNUSED_VARIABLE = YES;
				IPHONEOS_DEPLOYMENT_TARGET = 6.1;
				OTHER_CFLAGS = "-DNS_BLOCK_ASSERTIONS=1";
				SDKROOT = iphoneos;
				VALIDATE_PRODUCT = YES;
			};
			name = Release;
		};
		EA95A91B17B70C2D009BA55E /* Debug */ = {
			isa = XCBuildConfiguration;
			baseConfigurationReference = 4F4B27EB010842D2B984CFF8 /* Pods.xcconfig */;
			buildSettings = {
				GCC_PRECOMPILE_PREFIX_HEADER = YES;
				GCC_PREFIX_HEADER = "Uniqlo/Uniqlo-Prefix.pch";
				INFOPLIST_FILE = "Uniqlo/Uniqlo-Info.plist";
				IPHONEOS_DEPLOYMENT_TARGET = 5.0;
				PRODUCT_NAME = "$(TARGET_NAME)";
				WRAPPER_EXTENSION = app;
			};
			name = Debug;
		};
		EA95A91C17B70C2D009BA55E /* Release */ = {
			isa = XCBuildConfiguration;
			baseConfigurationReference = 4F4B27EB010842D2B984CFF8 /* Pods.xcconfig */;
			buildSettings = {
				GCC_PRECOMPILE_PREFIX_HEADER = YES;
				GCC_PREFIX_HEADER = "Uniqlo/Uniqlo-Prefix.pch";
				INFOPLIST_FILE = "Uniqlo/Uniqlo-Info.plist";
				IPHONEOS_DEPLOYMENT_TARGET = 5.0;
				PRODUCT_NAME = "$(TARGET_NAME)";
				WRAPPER_EXTENSION = app;
			};
			name = Release;
		};
/* End XCBuildConfiguration section */

/* Begin XCConfigurationList section */
		EA95A8E417B70C2D009BA55E /* Build configuration list for PBXProject "Uniqlo" */ = {
			isa = XCConfigurationList;
			buildConfigurations = (
				EA95A91817B70C2D009BA55E /* Debug */,
				EA95A91917B70C2D009BA55E /* Release */,
			);
			defaultConfigurationIsVisible = 0;
			defaultConfigurationName = Release;
		};
		EA95A91A17B70C2D009BA55E /* Build configuration list for PBXNativeTarget "Uniqlo" */ = {
			isa = XCConfigurationList;
			buildConfigurations = (
				EA95A91B17B70C2D009BA55E /* Debug */,
				EA95A91C17B70C2D009BA55E /* Release */,
			);
			defaultConfigurationIsVisible = 0;
			defaultConfigurationName = Release;
		};
/* End XCConfigurationList section */
	};
	rootObject = EA95A8E117B70C2D009BA55E /* Project object */;
}
